
Microsoft Visual Studio Solution File, Format Version 12.00
# Visual Studio Version 17
VisualStudioVersion = 17.9.34701.34
MinimumVisualStudioVersion = 10.0.40219.1
Project("{FAE04EC0-301F-11D3-BF4B-00C04F79EFBC}") = "YodaApp", "YodaApp\YodaApp.csproj", "{CF988933-084D-4695-813F-90DC22A35B26}"
EndProject
Global
	GlobalSection(SolutionConfigurationPlatforms) = preSolution
		Debug|Any CPU = Debug|Any CPU
		Release|Any CPU = Release|Any CPU
	EndGlobalSection
	GlobalSection(ProjectConfigurationPlatforms) = postSolution
		{CF988933-084D-4695-813F-90DC22A35B26}.Debug|Any CPU.ActiveCfg = Debug|Any CPU
		{CF988933-084D-4695-813F-90DC22A35B26}.Debug|Any CPU.Build.0 = Debug|Any CPU
		{CF988933-084D-4695-813F-90DC22A35B26}.Debug|Any CPU.Deploy.0 = Debug|Any CPU
		{CF988933-084D-4695-813F-90DC22A35B26}.Release|Any CPU.ActiveCfg = Release|Any CPU
		{CF988933-084D-4695-813F-90DC22A35B26}.Release|Any CPU.Build.0 = Release|Any CPU
		{CF988933-084D-4695-813F-90DC22A35B26}.Release|Any CPU.Deploy.0 = Release|Any CPU
	EndGlobalSection
	GlobalSection(SolutionProperties) = preSolution
		HideSolutionNode = FALSE
	EndGlobalSection
	GlobalSection(ExtensibilityGlobals) = postSolution
		SolutionGuid = {3FD0569C-3FF1-4C95-9463-136FF3996517}
	EndGlobalSection
EndGlobal
